
Microsoft Visual Studio Solution File, Format Version 12.00
# Visual Studio Version 17
VisualStudioVersion = 17.2.32414.248
MinimumVisualStudioVersion = 10.0.40219.1
Project("{9A19103F-16F7-4668-BE54-9A1E7A4F7556}") = "保存枚举", "保存枚举\保存枚举\保存枚举.csproj", "{8A1770AD-6C0E-449A-B68B-7969F51C50BB}"
EndProject
Project("{9A19103F-16F7-4668-BE54-9A1E7A4F7556}") = "领域事件01", "领域事件01\领域事件01.csproj", "{776D8E63-6F8A-48D1-B7BD-52057D8B1E19}"
EndProject
Project("{9A19103F-16F7-4668-BE54-9A1E7A4F7556}") = "HttpClientDemo", "HttpClientDemo\HttpClientDemo.csproj", "{36250626-C6DB-4423-A8D7-1088453B01FA}"
EndProject
Project("{9A19103F-16F7-4668-BE54-9A1E7A4F7556}") = "LoggerDemo", "LoggerDemo\LoggerDemo.csproj", "{06A9801E-863E-4C12-A1F6-346B81A677D9}"
EndProject
Project("{9A19103F-16F7-4668-BE54-9A1E7A4F7556}") = "MiddlewareDemo", "MiddlewareDemo\MiddlewareDemo.csproj", "{C22FF303-0754-4399-80B1-766346AAB814}"
EndProject
Project("{9A19103F-16F7-4668-BE54-9A1E7A4F7556}") = "RoutingDemo", "RoutingDemo\RoutingDemo.csproj", "{C62738E1-C751-4EBE-87E9-11085E96BDA8}"
EndProject
Project("{9A19103F-16F7-4668-BE54-9A1E7A4F7556}") = "SerilogDemo", "SerilogDemo\SerilogDemo.csproj", "{8017BD9E-9931-478F-9AA4-D2089E61E582}"
EndProject
Project("{9A19103F-16F7-4668-BE54-9A1E7A4F7556}") = "PollyDemo", "PollyDemo\PollyDemo.csproj", "{02DF0A8E-3BD3-4EC4-BBB9-C191B2732099}"
EndProject
Project("{2150E333-8FDC-42A3-9474-1A3956D46DE8}") = "ApiGategay", "ApiGategay", "{6EC1556F-237B-4E73-8DDA-40CEFC85A85C}"
EndProject
Project("{9A19103F-16F7-4668-BE54-9A1E7A4F7556}") = "ApiGategayDemo", "ApiGategay\ApiGategayDemo\ApiGategayDemo.csproj", "{90A00816-2988-4A69-957A-0D8169640053}"
EndProject
Project("{9A19103F-16F7-4668-BE54-9A1E7A4F7556}") = "Mobile.Api", "ApiGategay\Mobile.Api\Mobile.Api.csproj", "{3B7DB6BC-5D18-445E-8C66-6A130FE49C73}"
EndProject
Project("{9A19103F-16F7-4668-BE54-9A1E7A4F7556}") = "Mobile.Aggregate.Api", "ApiGategay\Mobile.Aggregate.Api\Mobile.Aggregate.Api.csproj", "{0231D06A-761E-4AA7-98DF-64134320E3CE}"
EndProject
Project("{9A19103F-16F7-4668-BE54-9A1E7A4F7556}") = "User.Api", "ApiGategay\User.Api\User.Api.csproj", "{D6402EDA-BF73-4CFD-8C7C-929511001315}"
EndProject
Project("{9A19103F-16F7-4668-BE54-9A1E7A4F7556}") = "Order.Api", "ApiGategay\Order.Api\Order.Api.csproj", "{3D66F2A3-D4C9-4426-A878-ADC856762A08}"
EndProject
Project("{9A19103F-16F7-4668-BE54-9A1E7A4F7556}") = "CapDemo", "CapDemo\CapDemo.csproj", "{C017A9B4-180E-4077-96B0-802F8421A9CC}"
EndProject
Project("{9A19103F-16F7-4668-BE54-9A1E7A4F7556}") = "CQRSDemo01", "CQRSDemo01\CQRSDemo01.csproj", "{5917EA22-F514-4328-AFB6-FE07A16A1B64}"
EndProject
Project("{2150E333-8FDC-42A3-9474-1A3956D46DE8}") = "DesignPattern", "DesignPattern", "{5E6775E1-4AB0-4560-82D4-52391E621B5D}"
EndProject
Project("{FAE04EC0-301F-11D3-BF4B-00C04F79EFBC}") = "DesignPatternDemo", "DesignPattern\DesignPatternDemo\DesignPatternDemo.csproj", "{42DFE52D-78A7-4BDB-A957-41E7E425EEAF}"
EndProject
Global
	GlobalSection(SolutionConfigurationPlatforms) = preSolution
		Debug|Any CPU = Debug|Any CPU
		Release|Any CPU = Release|Any CPU
	EndGlobalSection
	GlobalSection(ProjectConfigurationPlatforms) = postSolution
		{8A1770AD-6C0E-449A-B68B-7969F51C50BB}.Debug|Any CPU.ActiveCfg = Debug|Any CPU
		{8A1770AD-6C0E-449A-B68B-7969F51C50BB}.Debug|Any CPU.Build.0 = Debug|Any CPU
		{8A1770AD-6C0E-449A-B68B-7969F51C50BB}.Release|Any CPU.ActiveCfg = Release|Any CPU
		{8A1770AD-6C0E-449A-B68B-7969F51C50BB}.Release|Any CPU.Build.0 = Release|Any CPU
		{776D8E63-6F8A-48D1-B7BD-52057D8B1E19}.Debug|Any CPU.ActiveCfg = Debug|Any CPU
		{776D8E63-6F8A-48D1-B7BD-52057D8B1E19}.Debug|Any CPU.Build.0 = Debug|Any CPU
		{776D8E63-6F8A-48D1-B7BD-52057D8B1E19}.Release|Any CPU.ActiveCfg = Release|Any CPU
		{776D8E63-6F8A-48D1-B7BD-52057D8B1E19}.Release|Any CPU.Build.0 = Release|Any CPU
		{36250626-C6DB-4423-A8D7-1088453B01FA}.Debug|Any CPU.ActiveCfg = Debug|Any CPU
		{36250626-C6DB-4423-A8D7-1088453B01FA}.Debug|Any CPU.Build.0 = Debug|Any CPU
		{36250626-C6DB-4423-A8D7-1088453B01FA}.Release|Any CPU.ActiveCfg = Release|Any CPU
		{36250626-C6DB-4423-A8D7-1088453B01FA}.Release|Any CPU.Build.0 = Release|Any CPU
		{06A9801E-863E-4C12-A1F6-346B81A677D9}.Debug|Any CPU.ActiveCfg = Debug|Any CPU
		{06A9801E-863E-4C12-A1F6-346B81A677D9}.Debug|Any CPU.Build.0 = Debug|Any CPU
		{06A9801E-863E-4C12-A1F6-346B81A677D9}.Release|Any CPU.ActiveCfg = Release|Any CPU
		{06A9801E-863E-4C12-A1F6-346B81A677D9}.Release|Any CPU.Build.0 = Release|Any CPU
		{C22FF303-0754-4399-80B1-766346AAB814}.Debug|Any CPU.ActiveCfg = Debug|Any CPU
		{C22FF303-0754-4399-80B1-766346AAB814}.Debug|Any CPU.Build.0 = Debug|Any CPU
		{C22FF303-0754-4399-80B1-766346AAB814}.Release|Any CPU.ActiveCfg = Release|Any CPU
		{C22FF303-0754-4399-80B1-766346AAB814}.Release|Any CPU.Build.0 = Release|Any CPU
		{C62738E1-C751-4EBE-87E9-11085E96BDA8}.Debug|Any CPU.ActiveCfg = Debug|Any CPU
		{C62738E1-C751-4EBE-87E9-11085E96BDA8}.Debug|Any CPU.Build.0 = Debug|Any CPU
		{C62738E1-C751-4EBE-87E9-11085E96BDA8}.Release|Any CPU.ActiveCfg = Release|Any CPU
		{C62738E1-C751-4EBE-87E9-11085E96BDA8}.Release|Any CPU.Build.0 = Release|Any CPU
		{8017BD9E-9931-478F-9AA4-D2089E61E582}.Debug|Any CPU.ActiveCfg = Debug|Any CPU
		{8017BD9E-9931-478F-9AA4-D2089E61E582}.Debug|Any CPU.Build.0 = Debug|Any CPU
		{8017BD9E-9931-478F-9AA4-D2089E61E582}.Release|Any CPU.ActiveCfg = Release|Any CPU
		{8017BD9E-9931-478F-9AA4-D2089E61E582}.Release|Any CPU.Build.0 = Release|Any CPU
		{02DF0A8E-3BD3-4EC4-BBB9-C191B2732099}.Debug|Any CPU.ActiveCfg = Debug|Any CPU
		{02DF0A8E-3BD3-4EC4-BBB9-C191B2732099}.Debug|Any CPU.Build.0 = Debug|Any CPU
		{02DF0A8E-3BD3-4EC4-BBB9-C191B2732099}.Release|Any CPU.ActiveCfg = Release|Any CPU
		{02DF0A8E-3BD3-4EC4-BBB9-C191B2732099}.Release|Any CPU.Build.0 = Release|Any CPU
		{90A00816-2988-4A69-957A-0D8169640053}.Debug|Any CPU.ActiveCfg = Debug|Any CPU
		{90A00816-2988-4A69-957A-0D8169640053}.Debug|Any CPU.Build.0 = Debug|Any CPU
		{90A00816-2988-4A69-957A-0D8169640053}.Release|Any CPU.ActiveCfg = Release|Any CPU
		{90A00816-2988-4A69-957A-0D8169640053}.Release|Any CPU.Build.0 = Release|Any CPU
		{3B7DB6BC-5D18-445E-8C66-6A130FE49C73}.Debug|Any CPU.ActiveCfg = Debug|Any CPU
		{3B7DB6BC-5D18-445E-8C66-6A130FE49C73}.Debug|Any CPU.Build.0 = Debug|Any CPU
		{3B7DB6BC-5D18-445E-8C66-6A130FE49C73}.Release|Any CPU.ActiveCfg = Release|Any CPU
		{3B7DB6BC-5D18-445E-8C66-6A130FE49C73}.Release|Any CPU.Build.0 = Release|Any CPU
		{0231D06A-761E-4AA7-98DF-64134320E3CE}.Debug|Any CPU.ActiveCfg = Debug|Any CPU
		{0231D06A-761E-4AA7-98DF-64134320E3CE}.Debug|Any CPU.Build.0 = Debug|Any CPU
		{0231D06A-761E-4AA7-98DF-64134320E3CE}.Release|Any CPU.ActiveCfg = Release|Any CPU
		{0231D06A-761E-4AA7-98DF-64134320E3CE}.Release|Any CPU.Build.0 = Release|Any CPU
		{D6402EDA-BF73-4CFD-8C7C-929511001315}.Debug|Any CPU.ActiveCfg = Debug|Any CPU
		{D6402EDA-BF73-4CFD-8C7C-929511001315}.Debug|Any CPU.Build.0 = Debug|Any CPU
		{D6402EDA-BF73-4CFD-8C7C-929511001315}.Release|Any CPU.ActiveCfg = Release|Any CPU
		{D6402EDA-BF73-4CFD-8C7C-929511001315}.Release|Any CPU.Build.0 = Release|Any CPU
		{3D66F2A3-D4C9-4426-A878-ADC856762A08}.Debug|Any CPU.ActiveCfg = Debug|Any CPU
		{3D66F2A3-D4C9-4426-A878-ADC856762A08}.Debug|Any CPU.Build.0 = Debug|Any CPU
		{3D66F2A3-D4C9-4426-A878-ADC856762A08}.Release|Any CPU.ActiveCfg = Release|Any CPU
		{3D66F2A3-D4C9-4426-A878-ADC856762A08}.Release|Any CPU.Build.0 = Release|Any CPU
		{C017A9B4-180E-4077-96B0-802F8421A9CC}.Debug|Any CPU.ActiveCfg = Debug|Any CPU
		{C017A9B4-180E-4077-96B0-802F8421A9CC}.Debug|Any CPU.Build.0 = Debug|Any CPU
		{C017A9B4-180E-4077-96B0-802F8421A9CC}.Release|Any CPU.ActiveCfg = Release|Any CPU
		{C017A9B4-180E-4077-96B0-802F8421A9CC}.Release|Any CPU.Build.0 = Release|Any CPU
		{5917EA22-F514-4328-AFB6-FE07A16A1B64}.Debug|Any CPU.ActiveCfg = Debug|Any CPU
		{5917EA22-F514-4328-AFB6-FE07A16A1B64}.Debug|Any CPU.Build.0 = Debug|Any CPU
		{5917EA22-F514-4328-AFB6-FE07A16A1B64}.Release|Any CPU.ActiveCfg = Release|Any CPU
		{5917EA22-F514-4328-AFB6-FE07A16A1B64}.Release|Any CPU.Build.0 = Release|Any CPU
		{42DFE52D-78A7-4BDB-A957-41E7E425EEAF}.Debug|Any CPU.ActiveCfg = Debug|Any CPU
		{42DFE52D-78A7-4BDB-A957-41E7E425EEAF}.Debug|Any CPU.Build.0 = Debug|Any CPU
		{42DFE52D-78A7-4BDB-A957-41E7E425EEAF}.Release|Any CPU.ActiveCfg = Release|Any CPU
		{42DFE52D-78A7-4BDB-A957-41E7E425EEAF}.Release|Any CPU.Build.0 = Release|Any CPU
	EndGlobalSection
	GlobalSection(SolutionProperties) = preSolution
		HideSolutionNode = FALSE
	EndGlobalSection
	GlobalSection(NestedProjects) = preSolution
		{90A00816-2988-4A69-957A-0D8169640053} = {6EC1556F-237B-4E73-8DDA-40CEFC85A85C}
		{3B7DB6BC-5D18-445E-8C66-6A130FE49C73} = {6EC1556F-237B-4E73-8DDA-40CEFC85A85C}
		{0231D06A-761E-4AA7-98DF-64134320E3CE} = {6EC1556F-237B-4E73-8DDA-40CEFC85A85C}
		{D6402EDA-BF73-4CFD-8C7C-929511001315} = {6EC1556F-237B-4E73-8DDA-40CEFC85A85C}
		{3D66F2A3-D4C9-4426-A878-ADC856762A08} = {6EC1556F-237B-4E73-8DDA-40CEFC85A85C}
		{42DFE52D-78A7-4BDB-A957-41E7E425EEAF} = {5E6775E1-4AB0-4560-82D4-52391E621B5D}
	EndGlobalSection
	GlobalSection(ExtensibilityGlobals) = postSolution
		SolutionGuid = {0E7C60A6-3590-4A45-99E5-F0145BFBDCE7}
	EndGlobalSection
EndGlobal
